<?xml version="1.0" encoding="utf-8"?>
<Project ToolsVersion="4.0" xmlns="http://schemas.microsoft.com/developer/msbuild/2003">
  <ItemGroup>
    <Filter Include="Source Files">
      <UniqueIdentifier>{4FC737F1-C7A5-4376-A066-2A32D752A2FF}</UniqueIdentifier>
      <Extensions>cpp;c;cc;cxx;def;odl;idl;hpj;bat;asm;asmx</Extensions>
    </Filter>
    <Filter Include="Header Files">
      <UniqueIdentifier>{93995380-89BD-4b04-88EB-625FBE52EBFB}</UniqueIdentifier>
      <Extensions>h;hpp;hxx;hm;inl;inc;xsd</Extensions>
    </Filter>
    <Filter Include="Shader">
      <UniqueIdentifier>{67DA6AB6-F800-4c08-8B7A-83BB121AAD01}</UniqueIdentifier>
      <Extensions>rc;ico;cur;bmp;dlg;rc2;rct;bin;rgs;gif;jpg;jpeg;jpe;resx;tiff;tif;png;wav;mfcribbon-ms</Extensions>
    </Filter>
    <Filter Include="2D">
      <UniqueIdentifier>{78a69225-fe6f-4174-b4c6-ada9c7bd7b5a}</UniqueIdentifier>
    </Filter>
    <Filter Include="Game State Management">
      <UniqueIdentifier>{9a6248ec-ad50-48c8-831a-3e31d5971492}</UniqueIdentifier>
    </Filter>
    <Filter Include="Scene Graph">
      <UniqueIdentifier>{59c85885-a89f-4ee3-be74-c1aad893760b}</UniqueIdentifier>
    </Filter>
    <Filter Include="Spatial Partition">
      <UniqueIdentifier>{113914ad-73e5-4902-ba8a-abd6786d12c9}</UniqueIdentifier>
    </Filter>
    <Filter Include="Occlusion">
      <UniqueIdentifier>{e64c611d-128d-4417-aef4-83501ad84cd1}</UniqueIdentifier>
    </Filter>
    <Filter Include="Projectile">
      <UniqueIdentifier>{74fc0887-e5e6-4dcf-a7bf-adb0ed14c647}</UniqueIdentifier>
    </Filter>
    <Filter Include="CustomScenes">
      <UniqueIdentifier>{4b22c06a-72b3-4288-b6bd-1e9ad8203b06}</UniqueIdentifier>
    </Filter>
    <Filter Include="UI">
      <UniqueIdentifier>{1e425661-a4ea-42f5-8d7e-6980b3dffbc4}</UniqueIdentifier>
    </Filter>
    <Filter Include="CustomStates">
      <UniqueIdentifier>{f5dfae81-40d9-43ab-9c13-e77c0f0be851}</UniqueIdentifier>
    </Filter>
  </ItemGroup>
  <ItemGroup>
    <ClCompile Include="Source\Application.cpp">
      <Filter>Source Files</Filter>
    </ClCompile>
    <ClCompile Include="Source\main.cpp">
      <Filter>Source Files</Filter>
    </ClCompile>
    <ClCompile Include="Source\shader.cpp">
      <Filter>Source Files</Filter>
    </ClCompile>
    <ClCompile Include="Source\Mesh.cpp">
      <Filter>Source Files</Filter>
    </ClCompile>
    <ClCompile Include="Source\Camera.cpp">
      <Filter>Source Files</Filter>
    </ClCompile>
    <ClCompile Include="Source\MeshBuilder.cpp">
      <Filter>Source Files</Filter>
    </ClCompile>
    <ClCompile Include="Source\Utility.cpp">
      <Filter>Source Files</Filter>
    </ClCompile>
    <ClCompile Include="Source\LoadTGA.cpp">
      <Filter>Source Files</Filter>
    </ClCompile>
    <ClCompile Include="Source\Camera3.cpp">
      <Filter>Source Files</Filter>
    </ClCompile>
    <ClCompile Include="Source\LoadOBJ.cpp">
      <Filter>Source Files</Filter>
    </ClCompile>
    <ClCompile Include="Source\Map.cpp">
      <Filter>Source Files</Filter>
    </ClCompile>
    <ClCompile Include="Source\Strategy.cpp">
      <Filter>Source Files</Filter>
    </ClCompile>
    <ClCompile Include="Source\Strategy_Kill.cpp">
      <Filter>Source Files</Filter>
    </ClCompile>
    <ClCompile Include="Source\TreasureChest.cpp">
      <Filter>2D</Filter>
    </ClCompile>
    <ClCompile Include="Source\Goodies.cpp">
      <Filter>2D</Filter>
    </ClCompile>
    <ClCompile Include="Source\GoodiesFactory.cpp">
      <Filter>2D</Filter>
    </ClCompile>
    <ClCompile Include="Source\Enemy.cpp">
      <Filter>2D</Filter>
    </ClCompile>
    <ClCompile Include="Source\Minimap.cpp">
      <Filter>2D</Filter>
    </ClCompile>
    <ClCompile Include="Source\SceneManager.cpp">
      <Filter>Source Files</Filter>
    </ClCompile>
    <ClCompile Include="Source\SceneManager2D.cpp">
      <Filter>Source Files</Filter>
    </ClCompile>
    <ClCompile Include="Source\PlayerInfo.cpp">
      <Filter>2D</Filter>
    </ClCompile>
    <ClCompile Include="Source\PlayInfo3PV.cpp">
      <Filter>Source Files</Filter>
    </ClCompile>
    <ClCompile Include="Source\GameStateManager.cpp">
      <Filter>Game State Management</Filter>
    </ClCompile>
    <ClCompile Include="Source\SceneGraph\Model.cpp">
      <Filter>Scene Graph</Filter>
    </ClCompile>
    <ClCompile Include="Source\SceneGraph\Node.cpp">
      <Filter>Scene Graph</Filter>
    </ClCompile>
    <ClCompile Include="Source\SceneGraph\SceneNode.cpp">
      <Filter>Scene Graph</Filter>
    </ClCompile>
    <ClCompile Include="Source\SceneGraph\Transform.cpp">
      <Filter>Scene Graph</Filter>
    </ClCompile>
    <ClCompile Include="Source\SpatialPartition\Grid.cpp">
      <Filter>Spatial Partition</Filter>
    </ClCompile>
    <ClCompile Include="Source\SpatialPartition\SpatialPartition.cpp">
      <Filter>Spatial Partition</Filter>
    </ClCompile>
    <ClCompile Include="Source\Occlusion\Occlusion.cpp">
      <Filter>Occlusion</Filter>
    </ClCompile>
    <ClCompile Include="Source\Projectile\Projectile.cpp">
      <Filter>Projectile</Filter>
    </ClCompile>
    <ClCompile Include="Source\Projectile\ProjectileManager.cpp">
      <Filter>Projectile</Filter>
    </ClCompile>
    <ClCompile Include="Source\CustomScenes\SplashScene.cpp">
      <Filter>CustomScenes</Filter>
    </ClCompile>
    <ClCompile Include="Source\CustomScenes\GameScene.cpp">
      <Filter>CustomScenes</Filter>
    </ClCompile>
    <ClCompile Include="Source\CustomScenes\MenuScene.cpp">
      <Filter>CustomScenes</Filter>
    </ClCompile>
    <ClCompile Include="Source\UI\UIButton.cpp">
      <Filter>UI</Filter>
    </ClCompile>
    <ClCompile Include="Source\CustomScenes\MainMenuScene.cpp">
      <Filter>CustomScenes</Filter>
    </ClCompile>
    <ClCompile Include="Source\CustomStates\IntroState.cpp">
      <Filter>CustomStates</Filter>
    </ClCompile>
    <ClCompile Include="Source\CustomStates\MenuState.cpp">
      <Filter>CustomStates</Filter>
    </ClCompile>
    <ClCompile Include="Source\CustomStates\PlayState.cpp">
      <Filter>CustomStates</Filter>
    </ClCompile>
    <ClCompile Include="Source\CustomStates\OptionState.cpp">
      <Filter>CustomStates</Filter>
    </ClCompile>
    <ClCompile Include="Source\CustomScenes\OptionMenuScene.cpp">
      <Filter>CustomScenes</Filter>
    </ClCompile>
    <ClCompile Include="Source\CustomScenes\InstructionMenuScene.cpp">
      <Filter>CustomScenes</Filter>
    </ClCompile>
    <ClCompile Include="Source\CustomStates\InstructionState.cpp">
      <Filter>CustomStates</Filter>
    </ClCompile>
    <ClCompile Include="Source\CustomScenes\HighScoreMenuScene.cpp">
      <Filter>CustomScenes</Filter>
    </ClCompile>
    <ClCompile Include="Source\CustomStates\HighScoreState.cpp">
      <Filter>CustomStates</Filter>
    </ClCompile>
    <ClCompile Include="Source\GameState.cpp">
      <Filter>Game State Management</Filter>
    </ClCompile>
    <ClCompile Include="Source\CustomScenes\PauseMenuScene.cpp">
      <Filter>CustomScenes</Filter>
    </ClCompile>
    <ClCompile Include="Source\CustomStates\PauseState.cpp">
      <Filter>CustomStates</Filter>
    </ClCompile>
  </ItemGroup>
  <ItemGroup>
    <ClInclude Include="Source\Application.h">
      <Filter>Header Files</Filter>
    </ClInclude>
    <ClInclude Include="Source\Scene.h">
      <Filter>Header Files</Filter>
    </ClInclude>
    <ClInclude Include="Source\Geometry.h">
      <Filter>Header Files</Filter>
    </ClInclude>
    <ClInclude Include="Source\shader.hpp">
      <Filter>Header Files</Filter>
    </ClInclude>
    <ClInclude Include="Source\Camera.h">
      <Filter>Header Files</Filter>
    </ClInclude>
    <ClInclude Include="Source\Mesh.h">
      <Filter>Header Files</Filter>
    </ClInclude>
    <ClInclude Include="Source\Vertex.h">
      <Filter>Header Files</Filter>
    </ClInclude>
    <ClInclude Include="Source\MeshBuilder.h">
      <Filter>Header Files</Filter>
    </ClInclude>
    <ClInclude Include="Source\Light.h">
      <Filter>Header Files</Filter>
    </ClInclude>
    <ClInclude Include="Source\Utility.h">
      <Filter>Header Files</Filter>
    </ClInclude>
    <ClInclude Include="Source\Material.h">
      <Filter>Header Files</Filter>
    </ClInclude>
    <ClInclude Include="Source\LoadTGA.h">
      <Filter>Header Files</Filter>
    </ClInclude>
    <ClInclude Include="Source\Camera3.h">
      <Filter>Header Files</Filter>
    </ClInclude>
    <ClInclude Include="Source\LoadOBJ.h">
      <Filter>Header Files</Filter>
    </ClInclude>
    <ClInclude Include="Source\Map.h">
      <Filter>Header Files</Filter>
    </ClInclude>
    <ClInclude Include="Source\Strategy.h">
      <Filter>Header Files</Filter>
    </ClInclude>
    <ClInclude Include="Source\Strategy_Kill.h">
      <Filter>Header Files</Filter>
    </ClInclude>
    <ClInclude Include="Source\Goodies.h">
      <Filter>2D</Filter>
    </ClInclude>
    <ClInclude Include="Source\GoodiesFactory.h">
      <Filter>2D</Filter>
    </ClInclude>
    <ClInclude Include="Source\TreasureChest.h">
      <Filter>2D</Filter>
    </ClInclude>
    <ClInclude Include="Source\Enemy.h">
      <Filter>2D</Filter>
    </ClInclude>
    <ClInclude Include="Source\Minimap.h">
      <Filter>2D</Filter>
    </ClInclude>
    <ClInclude Include="Source\SceneManager.h">
      <Filter>Header Files</Filter>
    </ClInclude>
    <ClInclude Include="Source\SceneManager2D.h">
      <Filter>Header Files</Filter>
    </ClInclude>
    <ClInclude Include="Source\PlayerInfo.h">
      <Filter>2D</Filter>
    </ClInclude>
    <ClInclude Include="Source\PlayInfo3PV.h">
      <Filter>Header Files</Filter>
    </ClInclude>
    <ClInclude Include="Source\GameStateManager.h">
      <Filter>Game State Management</Filter>
    </ClInclude>
    <ClInclude Include="Source\GameState.h">
      <Filter>Game State Management</Filter>
    </ClInclude>
    <ClInclude Include="Source\SceneGraph\Model.h">
      <Filter>Scene Graph</Filter>
    </ClInclude>
    <ClInclude Include="Source\SceneGraph\Node.h">
      <Filter>Scene Graph</Filter>
    </ClInclude>
    <ClInclude Include="Source\SceneGraph\SceneNode.h">
      <Filter>Scene Graph</Filter>
    </ClInclude>
    <ClInclude Include="Source\SceneGraph\Transform.h">
      <Filter>Scene Graph</Filter>
    </ClInclude>
    <ClInclude Include="Source\SpatialPartition\Grid.h">
      <Filter>Spatial Partition</Filter>
    </ClInclude>
    <ClInclude Include="Source\SpatialPartition\SpatialPartition.h">
      <Filter>Spatial Partition</Filter>
    </ClInclude>
    <ClInclude Include="Source\Occlusion\Occlusion.h">
      <Filter>Occlusion</Filter>
    </ClInclude>
    <ClInclude Include="Source\Projectile\Projectile.h">
      <Filter>Projectile</Filter>
    </ClInclude>
    <ClInclude Include="Source\Projectile\ProjectileManager.h">
      <Filter>Projectile</Filter>
    </ClInclude>
    <ClInclude Include="Source\CustomScenes\GameScene.h">
      <Filter>CustomScenes</Filter>
    </ClInclude>
    <ClInclude Include="Source\CustomScenes\SplashScene.h">
      <Filter>CustomScenes</Filter>
    </ClInclude>
    <ClInclude Include="Source\CustomScenes\MenuScene.h">
      <Filter>CustomScenes</Filter>
    </ClInclude>
    <ClInclude Include="Source\UI\UIButton.h">
      <Filter>UI</Filter>
    </ClInclude>
    <ClInclude Include="Source\CustomScenes\MainMenuScene.h">
      <Filter>CustomScenes</Filter>
    </ClInclude>
    <ClInclude Include="Source\CustomStates\IntroState.h">
      <Filter>CustomStates</Filter>
    </ClInclude>
    <ClInclude Include="Source\CustomStates\MenuState.h">
      <Filter>CustomStates</Filter>
    </ClInclude>
    <ClInclude Include="Source\CustomStates\PlayState.h">
      <Filter>CustomStates</Filter>
    </ClInclude>
    <ClInclude Include="Source\CustomStates\OptionState.h">
      <Filter>CustomStates</Filter>
    </ClInclude>
    <ClInclude Include="Source\CustomScenes\OptionMenuScene.h">
      <Filter>CustomScenes</Filter>
    </ClInclude>
    <ClInclude Include="Source\CustomScenes\InstructionMenuScene.h">
      <Filter>CustomScenes</Filter>
    </ClInclude>
    <ClInclude Include="Source\CustomStates\InstructionState.h">
      <Filter>CustomStates</Filter>
    </ClInclude>
    <ClInclude Include="Source\CustomScenes\HighScoreMenuScene.h">
      <Filter>CustomScenes</Filter>
    </ClInclude>
    <ClInclude Include="Source\CustomStates\HighScoreState.h">
      <Filter>CustomStates</Filter>
    </ClInclude>
    <ClInclude Include="Source\CustomScenes\PauseMenuScene.h">
      <Filter>CustomScenes</Filter>
    </ClInclude>
    <ClInclude Include="Source\CustomStates\PauseState.h">
      <Filter>CustomStates</Filter>
    </ClInclude>
    <ClInclude Include="Source\Command.h">
      <Filter>Header Files</Filter>
    </ClInclude>
    <ClInclude Include="Source\StateCommand.h">
      <Filter>Game State Management</Filter>
    </ClInclude>
  </ItemGroup>
</Project>